lockVersion: 2.0.0
id: 979c13a9-73a9-4a90-a4f7-400df55154c3
management:
  docChecksum: 86319365d6d836696ef4db2a1e0d4dfd
  docVersion: "1.0"
  speakeasyVersion: 1.306.0
  generationVersion: 2.340.3
  releaseVersion: 0.14.2
  configChecksum: 2e92a4276023fe697dc50ace96aefb0d
features:
  typescript:
    additionalDependencies: 0.1.0
    constsAndDefaults: 0.1.5
    core: 3.9.13
    deprecations: 2.81.1
    flattening: 2.81.1
    globalSecurity: 2.82.9
    globalSecurityCallbacks: 0.1.0
    globalSecurityFlattening: 0.1.0
    globalServerURLs: 2.82.4
    methodSecurity: 2.82.4
    nameOverrides: 2.81.2
    nullables: 0.1.0
    pagination: 2.82.2
    responseFormat: 0.2.3
    sdkHooks: 0.1.0
    unions: 2.85.5
generatedFiles:
  - src/sdk/members.ts
  - src/sdk/branding.ts
  - src/sdk/organizations.ts
  - src/sdk/apikeys.ts
  - src/sdk/environments.ts
  - src/sdk/executiondetails.ts
  - src/sdk/variables.ts
  - src/sdk/workflows.ts
  - src/sdk/events.ts
  - src/sdk/stats.ts
  - src/sdk/notifications.ts
  - src/sdk/workflowgroups.ts
  - src/sdk/integrations.ts
  - src/sdk/changes.ts
  - src/sdk/preferences.ts
  - src/sdk/novunotifications.ts
  - src/sdk/subscribers.ts
  - src/sdk/feeds.ts
  - src/sdk/layouts.ts
  - src/sdk/messages.ts
  - src/sdk/novusubscribers.ts
  - src/sdk/topics.ts
  - src/sdk/tenants.ts
  - src/sdk/sdk.ts
  - .eslintrc.js
  - .npmignore
  - RUNTIMES.md
  - jsr.json
  - package.json
  - src/index.ts
  - src/lib/base64.ts
  - src/lib/config.ts
  - src/lib/encodings.ts
  - src/lib/http.ts
  - src/lib/is-plain-object.ts
  - src/lib/primitives.ts
  - src/lib/retries.ts
  - src/lib/schemas.ts
  - src/lib/sdks.ts
  - src/lib/security.ts
  - src/lib/url.ts
  - src/sdk/index.ts
  - src/models/errors/sdkerror.ts
  - src/models/errors/sdkvalidationerror.ts
  - src/types/blobs.ts
  - src/types/enums.ts
  - src/types/index.ts
  - src/types/operations.ts
  - src/types/rfcdate.ts
  - tsconfig.json
  - src/models/components/workflowresponse.ts
  - src/models/components/notificationgroup.ts
  - src/models/components/notificationtrigger.ts
  - src/models/components/notificationtriggervariable.ts
  - src/models/components/notificationstep.ts
  - src/models/components/notificationstepvariant.ts
  - src/models/components/digestregularmetadata.ts
  - src/models/components/digesttimedmetadata.ts
  - src/models/components/timedconfig.ts
  - src/models/components/delayregularmetadata.ts
  - src/models/components/delayscheduledmetadata.ts
  - src/models/components/stepfilter.ts
  - src/models/components/fieldfilterpart.ts
  - src/models/components/messagetemplate.ts
  - src/models/components/preferencechannels.ts
  - src/models/components/createworkflowrequestdto.ts
  - src/models/components/changeworkflowstatusrequestdto.ts
  - src/models/components/organizationresponsedto.ts
  - src/models/components/ipartnerconfigurationresponsedto.ts
  - src/models/components/organizationbrandingresponsedto.ts
  - src/models/components/createorganizationdto.ts
  - src/models/components/renameorganizationdto.ts
  - src/models/components/memberresponsedto.ts
  - src/models/components/memberinvitedto.ts
  - src/models/components/memberuserdto.ts
  - src/models/components/updatebrandingdetailsdto.ts
  - src/models/components/environmentresponsedto.ts
  - src/models/components/apikey.ts
  - src/models/components/executiondetailsresponsedto.ts
  - src/models/components/workflowsresponsedto.ts
  - src/models/components/updateworkflowrequestdto.ts
  - src/models/components/databooleandto.ts
  - src/models/components/variablesresponsedto.ts
  - src/models/components/triggereventresponsedto.ts
  - src/models/components/triggereventrequestdto.ts
  - src/models/components/tenantpayloaddto.ts
  - src/models/components/subscriberpayloaddto.ts
  - src/models/components/subscriberchanneldto.ts
  - src/models/components/channelcredentialsdto.ts
  - src/models/components/topicpayloaddto.ts
  - src/models/components/bulktriggereventdto.ts
  - src/models/components/triggereventtoallrequestdto.ts
  - src/models/components/activitiesresponsedto.ts
  - src/models/components/activitynotificationresponsedto.ts
  - src/models/components/activitynotificationjobresponsedto.ts
  - src/models/components/activitynotificationstepresponsedto.ts
  - src/models/components/messagetemplatedto.ts
  - src/models/components/activitynotificationexecutiondetailresponsedto.ts
  - src/models/components/activitynotificationtemplateresponsedto.ts
  - src/models/components/activitynotificationsubscriberresponsedto.ts
  - src/models/components/activitystatsresponsedto.ts
  - src/models/components/activitygraphstatesresponse.ts
  - src/models/components/notificationgroupresponsedto.ts
  - src/models/components/createnotificationgrouprequestdto.ts
  - src/models/components/deletenotificationgroupresponsedto.ts
  - src/models/components/integrationresponsedto.ts
  - src/models/components/credentialsdto.ts
  - src/models/components/createintegrationrequestdto.ts
  - src/models/components/updateintegrationrequestdto.ts
  - src/models/components/changesresponsedto.ts
  - src/models/components/changeresponsedto.ts
  - src/models/components/datanumberdto.ts
  - src/models/components/bulkapplychangedto.ts
  - src/models/components/subscriberresponsedto.ts
  - src/models/components/channelsettings.ts
  - src/models/components/channelcredentials.ts
  - src/models/components/createsubscriberrequestdto.ts
  - src/models/components/updatesubscriberrequestdto.ts
  - src/models/components/deletesubscriberresponsedto.ts
  - src/models/components/bulksubscribercreatedto.ts
  - src/models/components/updatesubscriberchannelrequestdto.ts
  - src/models/components/updatesubscriberonlineflagrequestdto.ts
  - src/models/components/updatesubscriberpreferenceresponsedto.ts
  - src/models/components/preference.ts
  - src/models/components/templateresponse.ts
  - src/models/components/updatesubscriberglobalpreferencesrequestdto.ts
  - src/models/components/channelpreference.ts
  - src/models/components/updatesubscriberpreferencerequestdto.ts
  - src/models/components/messageentity.ts
  - src/models/components/messagemarkasrequestdto.ts
  - src/models/components/markallmessageasrequestdto.ts
  - src/models/components/messageresponsedto.ts
  - src/models/components/messagecta.ts
  - src/models/components/messageaction.ts
  - src/models/components/messageactionresult.ts
  - src/models/components/messagebutton.ts
  - src/models/components/messagectadata.ts
  - src/models/components/emailblock.ts
  - src/models/components/emailblockstyles.ts
  - src/models/components/markmessageactionasseendto.ts
  - src/models/components/getsubscriberpreferencesresponsedto.ts
  - src/models/components/feedresponsedto.ts
  - src/models/components/unseencountresponse.ts
  - src/models/components/createfeedrequestdto.ts
  - src/models/components/createlayoutresponsedto.ts
  - src/models/components/getlayoutresponsedto.ts
  - src/models/components/updatelayoutresponsedto.ts
  - src/models/components/updatelayoutrequestdto.ts
  - src/models/components/deletemessageresponsedto.ts
  - src/models/components/filtertopicsresponsedto.ts
  - src/models/components/topicdto.ts
  - src/models/components/createtopicresponsedto.ts
  - src/models/components/createtopicrequestdto.ts
  - src/models/components/gettopicresponsedto.ts
  - src/models/components/renametopicresponsedto.ts
  - src/models/components/renametopicrequestdto.ts
  - src/models/components/addsubscribersrequestdto.ts
  - src/models/components/topicsubscriberdto.ts
  - src/models/components/removesubscribersrequestdto.ts
  - src/models/components/gettenantresponsedto.ts
  - src/models/components/createtenantresponsedto.ts
  - src/models/components/createtenantrequestdto.ts
  - src/models/components/updatetenantresponsedto.ts
  - src/models/components/updatetenantrequestdto.ts
  - src/models/components/security.ts
  - src/models/operations/create.ts
  - src/models/operations/getworkflowbyid.ts
  - src/models/operations/changeactivestatus.ts
  - src/models/operations/listorganizations.ts
  - src/models/operations/createorganization.ts
  - src/models/operations/rename.ts
  - src/models/operations/self.ts
  - src/models/operations/remove.ts
  - src/models/operations/me.ts
  - src/models/operations/updatebrandingdetails.ts
  - src/models/operations/getcurrentenvironment.ts
  - src/models/operations/listmyenvironments.ts
  - src/models/operations/regenerateorganizationapikeys.ts
  - src/models/operations/listorganizationapikeys.ts
  - src/models/operations/getexecutiondetailsfornotification.ts
  - src/models/operations/listworkflows.ts
  - src/models/operations/updateworkflowbyid.ts
  - src/models/operations/deleteworkflowbyid.ts
  - src/models/operations/getworkflowvariables.ts
  - src/models/operations/trigger.ts
  - src/models/operations/triggerbulk.ts
  - src/models/operations/broadcasteventtoall.ts
  - src/models/operations/cancel.ts
  - src/models/operations/listnotifications.ts
  - src/models/operations/getnotification.ts
  - src/models/operations/getactivitystats.ts
  - src/models/operations/getactivitygraphstats.ts
  - src/models/operations/listnotificationgroups.ts
  - src/models/operations/createnotificationgroup.ts
  - src/models/operations/getnotificationgroup.ts
  - src/models/operations/deletenotificationgroup.ts
  - src/models/operations/updatenotificationgroup.ts
  - src/models/operations/listintegrations.ts
  - src/models/operations/createintegration.ts
  - src/models/operations/getactiveintegrations.ts
  - src/models/operations/getwebhooksupportstatus.ts
  - src/models/operations/updateintegrationbyid.ts
  - src/models/operations/removeintegration.ts
  - src/models/operations/setintegrationasprimary.ts
  - src/models/operations/getchanges.ts
  - src/models/operations/getchangescount.ts
  - src/models/operations/bulkapplydiff.ts
  - src/models/operations/applydiff.ts
  - src/models/operations/listsubscribers.ts
  - src/models/operations/createsubscriber.ts
  - src/models/operations/getsubscriber.ts
  - src/models/operations/updatesubscriber.ts
  - src/models/operations/removesubscriber.ts
  - src/models/operations/bulkcreatesubscribers.ts
  - src/models/operations/updatesubscriberchannel.ts
  - src/models/operations/modifysubscriberchannel.ts
  - src/models/operations/deletesubscribercredentials.ts
  - src/models/operations/updatesubscriberonlineflag.ts
  - src/models/operations/updatesubscriberglobalpreferences.ts
  - src/models/operations/updatesubscriberpreference.ts
  - src/models/operations/markmessagesas.ts
  - src/models/operations/markallunreadasread.ts
  - src/models/operations/markactionasseen.ts
  - src/models/operations/chatoauthcallback.ts
  - src/models/operations/chataccessoauth.ts
  - src/models/operations/listsubscriberpreferences.ts
  - src/models/operations/getsubscriberpreferencebylevel.ts
  - src/models/operations/getnotificationsfeed.ts
  - src/models/operations/getunseencount.ts
  - src/models/operations/getfeeds.ts
  - src/models/operations/createfeed.ts
  - src/models/operations/deletefeedbyid.ts
  - src/models/operations/filterlayouts.ts
  - src/models/operations/propertydescriptor.ts
  - src/models/operations/getlayout.ts
  - src/models/operations/deletelayout.ts
  - src/models/operations/updatelayout.ts
  - src/models/operations/setdefaultlayout.ts
  - src/models/operations/getmessages.ts
  - src/models/operations/deletemessage.ts
  - src/models/operations/deletemessagesbytransactionid.ts
  - src/models/operations/listtopics.ts
  - src/models/operations/createtopic.ts
  - src/models/operations/gettopic.ts
  - src/models/operations/deletetopic.ts
  - src/models/operations/renametopic.ts
  - src/models/operations/addsubscribers.ts
  - src/models/operations/gettopicsubscriber.ts
  - src/models/operations/removesubscribers.ts
  - src/models/operations/listtenants.ts
  - src/models/operations/createtenant.ts
  - src/models/operations/gettenantbyid.ts
  - src/models/operations/removetenant.ts
  - src/models/operations/updatetenant.ts
  - src/models/errors/index.ts
  - src/models/components/index.ts
  - src/models/operations/index.ts
  - docs/models/components/data.md
  - docs/models/components/workflowintegrationstatus.md
  - docs/models/components/workflowresponse.md
  - docs/models/components/notificationgroup.md
  - docs/models/components/notificationtriggertype.md
  - docs/models/components/notificationtrigger.md
  - docs/models/components/notificationtriggervariable.md
  - docs/models/components/parentid.md
  - docs/models/components/metadata.md
  - docs/models/components/replycallback.md
  - docs/models/components/notificationstep.md
  - docs/models/components/notificationstepvariantparentid.md
  - docs/models/components/notificationstepvariantmetadata.md
  - docs/models/components/notificationstepvariantreplycallback.md
  - docs/models/components/notificationstepvariant.md
  - docs/models/components/unit.md
  - docs/models/components/digestregularmetadatatype.md
  - docs/models/components/backoffunit.md
  - docs/models/components/digestregularmetadata.md
  - docs/models/components/digesttimedmetadataunit.md
  - docs/models/components/digesttimedmetadatatype.md
  - docs/models/components/digesttimedmetadata.md
  - docs/models/components/weekdays.md
  - docs/models/components/ordinal.md
  - docs/models/components/ordinalvalue.md
  - docs/models/components/monthlytype.md
  - docs/models/components/timedconfig.md
  - docs/models/components/delayregularmetadataunit.md
  - docs/models/components/delayregularmetadatatype.md
  - docs/models/components/delayregularmetadata.md
  - docs/models/components/delayscheduledmetadatatype.md
  - docs/models/components/delayscheduledmetadata.md
  - docs/models/components/type.md
  - docs/models/components/value.md
  - docs/models/components/stepfilter.md
  - docs/models/components/operator.md
  - docs/models/components/on.md
  - docs/models/components/fieldfilterpart.md
  - docs/models/components/messagetemplate.md
  - docs/models/components/preferencechannels.md
  - docs/models/components/createworkflowrequestdtonotificationgroup.md
  - docs/models/components/createworkflowrequestdtodata.md
  - docs/models/components/createworkflowrequestdto.md
  - docs/models/components/changeworkflowstatusrequestdto.md
  - docs/models/components/organizationresponsedto.md
  - docs/models/components/partnertype.md
  - docs/models/components/ipartnerconfigurationresponsedto.md
  - docs/models/components/direction.md
  - docs/models/components/organizationbrandingresponsedto.md
  - docs/models/components/jobtitle.md
  - docs/models/components/productusecases.md
  - docs/models/components/createorganizationdto.md
  - docs/models/components/renameorganizationdto.md
  - docs/models/components/roles.md
  - docs/models/components/memberstatus.md
  - docs/models/components/memberresponsedto.md
  - docs/models/components/memberinvitedto.md
  - docs/models/components/memberuserdto.md
  - docs/models/components/updatebrandingdetailsdto.md
  - docs/models/components/apikeys.md
  - docs/models/components/environmentresponsedto.md
  - docs/models/components/apikey.md
  - docs/models/components/channel.md
  - docs/models/components/source.md
  - docs/models/components/status.md
  - docs/models/components/executiondetailsresponsedto.md
  - docs/models/components/workflowsresponsedto.md
  - docs/models/components/updateworkflowrequestdtodata.md
  - docs/models/components/updateworkflowrequestdto.md
  - docs/models/components/databooleandto.md
  - docs/models/components/translations.md
  - docs/models/components/system.md
  - docs/models/components/variablesresponsedto.md
  - docs/models/components/triggereventresponsedtostatus.md
  - docs/models/components/triggereventresponsedto.md
  - docs/models/components/payload.md
  - docs/models/components/overrides.md
  - docs/models/components/to.md
  - docs/models/components/actor.md
  - docs/models/components/tenant.md
  - docs/models/components/triggereventrequestdto.md
  - docs/models/components/tenantpayloaddtodata.md
  - docs/models/components/tenantpayloaddto.md
  - docs/models/components/subscriberpayloaddtodata.md
  - docs/models/components/subscriberpayloaddto.md
  - docs/models/components/providerid.md
  - docs/models/components/subscriberchanneldto.md
  - docs/models/components/channelcredentialsdto.md
  - docs/models/components/topicpayloaddtotype.md
  - docs/models/components/topicpayloaddto.md
  - docs/models/components/bulktriggereventdto.md
  - docs/models/components/triggereventtoallrequestdtopayload.md
  - docs/models/components/triggereventtoallrequestdtooverrides.md
  - docs/models/components/triggereventtoallrequestdtoactor.md
  - docs/models/components/triggereventtoallrequestdtotenant.md
  - docs/models/components/triggereventtoallrequestdto.md
  - docs/models/components/activitiesresponsedto.md
  - docs/models/components/channels.md
  - docs/models/components/activitynotificationresponsedto.md
  - docs/models/components/digest.md
  - docs/models/components/activitynotificationjobresponsedtopayload.md
  - docs/models/components/activitynotificationjobresponsedtoproviderid.md
  - docs/models/components/activitynotificationjobresponsedto.md
  - docs/models/components/activitynotificationstepresponsedto.md
  - docs/models/components/messagetemplatedto.md
  - docs/models/components/activitynotificationexecutiondetailresponsedtostatus.md
  - docs/models/components/activitynotificationexecutiondetailresponsedtoproviderid.md
  - docs/models/components/activitynotificationexecutiondetailresponsedtosource.md
  - docs/models/components/activitynotificationexecutiondetailresponsedto.md
  - docs/models/components/activitynotificationtemplateresponsedto.md
  - docs/models/components/activitynotificationsubscriberresponsedto.md
  - docs/models/components/activitystatsresponsedto.md
  - docs/models/components/activitygraphstatesresponsechannels.md
  - docs/models/components/activitygraphstatesresponse.md
  - docs/models/components/notificationgroupresponsedto.md
  - docs/models/components/createnotificationgrouprequestdto.md
  - docs/models/components/deletenotificationgroupresponsedtostatus.md
  - docs/models/components/deletenotificationgroupresponsedto.md
  - docs/models/components/integrationresponsedtochannel.md
  - docs/models/components/integrationresponsedto.md
  - docs/models/components/tlsoptions.md
  - docs/models/components/credentialsdto.md
  - docs/models/components/createintegrationrequestdtochannel.md
  - docs/models/components/createintegrationrequestdto.md
  - docs/models/components/updateintegrationrequestdto.md
  - docs/models/components/changesresponsedto.md
  - docs/models/components/changeresponsedtotype.md
  - docs/models/components/change.md
  - docs/models/components/changeresponsedto.md
  - docs/models/components/datanumberdto.md
  - docs/models/components/bulkapplychangedto.md
  - docs/models/components/subscriberresponsedto.md
  - docs/models/components/channelsettingsproviderid.md
  - docs/models/components/channelsettings.md
  - docs/models/components/channelcredentials.md
  - docs/models/components/createsubscriberrequestdtodata.md
  - docs/models/components/createsubscriberrequestdto.md
  - docs/models/components/updatesubscriberrequestdtodata.md
  - docs/models/components/updatesubscriberrequestdto.md
  - docs/models/components/deletesubscriberresponsedtostatus.md
  - docs/models/components/deletesubscriberresponsedto.md
  - docs/models/components/bulksubscribercreatedto.md
  - docs/models/components/updatesubscriberchannelrequestdtoproviderid.md
  - docs/models/components/updatesubscriberchannelrequestdto.md
  - docs/models/components/updatesubscriberonlineflagrequestdto.md
  - docs/models/components/updatesubscriberpreferenceresponsedto.md
  - docs/models/components/preference.md
  - docs/models/components/templateresponse.md
  - docs/models/components/updatesubscriberglobalpreferencesrequestdto.md
  - docs/models/components/channelpreferencetype.md
  - docs/models/components/channelpreference.md
  - docs/models/components/updatesubscriberpreferencerequestdto.md
  - docs/models/components/messageentity.md
  - docs/models/components/messageid.md
  - docs/models/components/markas.md
  - docs/models/components/messagemarkasrequestdto.md
  - docs/models/components/feedidentifier.md
  - docs/models/components/markallmessageasrequestdtomarkas.md
  - docs/models/components/markallmessageasrequestdto.md
  - docs/models/components/content.md
  - docs/models/components/messageresponsedtochannel.md
  - docs/models/components/messageresponsedtostatus.md
  - docs/models/components/messageresponsedtopayload.md
  - docs/models/components/messageresponsedtooverrides.md
  - docs/models/components/messageresponsedto.md
  - docs/models/components/messagectatype.md
  - docs/models/components/messagecta.md
  - docs/models/components/messageactionstatus.md
  - docs/models/components/messageaction.md
  - docs/models/components/messageactionresultpayload.md
  - docs/models/components/messageactionresulttype.md
  - docs/models/components/messageactionresult.md
  - docs/models/components/messagebuttontype.md
  - docs/models/components/messagebutton.md
  - docs/models/components/messagectadata.md
  - docs/models/components/emailblocktype.md
  - docs/models/components/emailblock.md
  - docs/models/components/textalign.md
  - docs/models/components/emailblockstyles.md
  - docs/models/components/markmessageactionasseendtostatus.md
  - docs/models/components/markmessageactionasseendtopayload.md
  - docs/models/components/markmessageactionasseendto.md
  - docs/models/components/getsubscriberpreferencesresponsedto.md
  - docs/models/components/feedresponsedto.md
  - docs/models/components/unseencountresponse.md
  - docs/models/components/createfeedrequestdto.md
  - docs/models/components/createlayoutresponsedto.md
  - docs/models/components/getlayoutresponsedtochannel.md
  - docs/models/components/variables.md
  - docs/models/components/getlayoutresponsedto.md
  - docs/models/components/updatelayoutresponsedtochannel.md
  - docs/models/components/updatelayoutresponsedtovariables.md
  - docs/models/components/updatelayoutresponsedto.md
  - docs/models/components/updatelayoutrequestdtovariables.md
  - docs/models/components/updatelayoutrequestdto.md
  - docs/models/components/deletemessageresponsedtostatus.md
  - docs/models/components/deletemessageresponsedto.md
  - docs/models/components/filtertopicsresponsedto.md
  - docs/models/components/topicdto.md
  - docs/models/components/createtopicresponsedto.md
  - docs/models/components/createtopicrequestdto.md
  - docs/models/components/gettopicresponsedto.md
  - docs/models/components/renametopicresponsedto.md
  - docs/models/components/renametopicrequestdto.md
  - docs/models/components/addsubscribersrequestdto.md
  - docs/models/components/topicsubscriberdto.md
  - docs/models/components/removesubscribersrequestdto.md
  - docs/models/components/gettenantresponsedtodata.md
  - docs/models/components/gettenantresponsedto.md
  - docs/models/components/createtenantresponsedtodata.md
  - docs/models/components/createtenantresponsedto.md
  - docs/models/components/createtenantrequestdtodata.md
  - docs/models/components/createtenantrequestdto.md
  - docs/models/components/updatetenantresponsedtodata.md
  - docs/models/components/updatetenantresponsedto.md
  - docs/models/components/updatetenantrequestdtodata.md
  - docs/models/components/updatetenantrequestdto.md
  - docs/models/components/security.md
  - docs/models/operations/createsecurity.md
  - docs/models/operations/getworkflowbyidsecurity.md
  - docs/models/operations/getworkflowbyidrequest.md
  - docs/models/operations/changeactivestatussecurity.md
  - docs/models/operations/changeactivestatusrequest.md
  - docs/models/operations/listorganizationssecurity.md
  - docs/models/operations/createorganizationsecurity.md
  - docs/models/operations/renamesecurity.md
  - docs/models/operations/selfsecurity.md
  - docs/models/operations/removesecurity.md
  - docs/models/operations/removerequest.md
  - docs/models/operations/mesecurity.md
  - docs/models/operations/updatebrandingdetailssecurity.md
  - docs/models/operations/getcurrentenvironmentsecurity.md
  - docs/models/operations/listmyenvironmentssecurity.md
  - docs/models/operations/regenerateorganizationapikeyssecurity.md
  - docs/models/operations/listorganizationapikeyssecurity.md
  - docs/models/operations/getexecutiondetailsfornotificationsecurity.md
  - docs/models/operations/getexecutiondetailsfornotificationrequest.md
  - docs/models/operations/listworkflowssecurity.md
  - docs/models/operations/listworkflowsrequest.md
  - docs/models/operations/updateworkflowbyidsecurity.md
  - docs/models/operations/updateworkflowbyidrequest.md
  - docs/models/operations/deleteworkflowbyidsecurity.md
  - docs/models/operations/deleteworkflowbyidrequest.md
  - docs/models/operations/getworkflowvariablessecurity.md
  - docs/models/operations/triggersecurity.md
  - docs/models/operations/triggerbulksecurity.md
  - docs/models/operations/broadcasteventtoallsecurity.md
  - docs/models/operations/cancelsecurity.md
  - docs/models/operations/cancelrequest.md
  - docs/models/operations/listnotificationssecurity.md
  - docs/models/operations/channels.md
  - docs/models/operations/listnotificationsrequest.md
  - docs/models/operations/getnotificationsecurity.md
  - docs/models/operations/getnotificationrequest.md
  - docs/models/operations/getactivitystatssecurity.md
  - docs/models/operations/getactivitygraphstatssecurity.md
  - docs/models/operations/getactivitygraphstatsrequest.md
  - docs/models/operations/listnotificationgroupssecurity.md
  - docs/models/operations/createnotificationgroupsecurity.md
  - docs/models/operations/getnotificationgroupsecurity.md
  - docs/models/operations/getnotificationgrouprequest.md
  - docs/models/operations/deletenotificationgroupsecurity.md
  - docs/models/operations/deletenotificationgrouprequest.md
  - docs/models/operations/updatenotificationgroupsecurity.md
  - docs/models/operations/updatenotificationgrouprequest.md
  - docs/models/operations/listintegrationssecurity.md
  - docs/models/operations/createintegrationsecurity.md
  - docs/models/operations/getactiveintegrationssecurity.md
  - docs/models/operations/getwebhooksupportstatussecurity.md
  - docs/models/operations/getwebhooksupportstatusrequest.md
  - docs/models/operations/updateintegrationbyidsecurity.md
  - docs/models/operations/updateintegrationbyidrequest.md
  - docs/models/operations/removeintegrationsecurity.md
  - docs/models/operations/removeintegrationrequest.md
  - docs/models/operations/setintegrationasprimarysecurity.md
  - docs/models/operations/setintegrationasprimaryrequest.md
  - docs/models/operations/getchangessecurity.md
  - docs/models/operations/getchangesrequest.md
  - docs/models/operations/getchangescountsecurity.md
  - docs/models/operations/bulkapplydiffsecurity.md
  - docs/models/operations/applydiffsecurity.md
  - docs/models/operations/applydiffrequest.md
  - docs/models/operations/listsubscriberssecurity.md
  - docs/models/operations/listsubscribersrequest.md
  - docs/models/operations/listsubscribersresponsebody.md
  - docs/models/operations/listsubscribersresponse.md
  - docs/models/operations/createsubscribersecurity.md
  - docs/models/operations/getsubscribersecurity.md
  - docs/models/operations/getsubscriberrequest.md
  - docs/models/operations/updatesubscribersecurity.md
  - docs/models/operations/updatesubscriberrequest.md
  - docs/models/operations/removesubscribersecurity.md
  - docs/models/operations/removesubscriberrequest.md
  - docs/models/operations/bulkcreatesubscriberssecurity.md
  - docs/models/operations/updatesubscriberchannelsecurity.md
  - docs/models/operations/updatesubscriberchannelrequest.md
  - docs/models/operations/modifysubscriberchannelsecurity.md
  - docs/models/operations/modifysubscriberchannelrequest.md
  - docs/models/operations/deletesubscribercredentialssecurity.md
  - docs/models/operations/deletesubscribercredentialsrequest.md
  - docs/models/operations/updatesubscriberonlineflagsecurity.md
  - docs/models/operations/updatesubscriberonlineflagrequest.md
  - docs/models/operations/updatesubscriberglobalpreferencessecurity.md
  - docs/models/operations/updatesubscriberglobalpreferencesrequest.md
  - docs/models/operations/updatesubscriberpreferencesecurity.md
  - docs/models/operations/updatesubscriberpreferencerequest.md
  - docs/models/operations/markmessagesassecurity.md
  - docs/models/operations/markmessagesasrequest.md
  - docs/models/operations/markallunreadasreadsecurity.md
  - docs/models/operations/markallunreadasreadrequest.md
  - docs/models/operations/markactionasseensecurity.md
  - docs/models/operations/markactionasseenrequest.md
  - docs/models/operations/chatoauthcallbacksecurity.md
  - docs/models/operations/chatoauthcallbackrequest.md
  - docs/models/operations/chatoauthcallbackresponsebody.md
  - docs/models/operations/chataccessoauthsecurity.md
  - docs/models/operations/chataccessoauthrequest.md
  - docs/models/operations/listsubscriberpreferencessecurity.md
  - docs/models/operations/listsubscriberpreferencesrequest.md
  - docs/models/operations/getsubscriberpreferencebylevelsecurity.md
  - docs/models/operations/getsubscriberpreferencebylevelrequest.md
  - docs/models/operations/getnotificationsfeedsecurity.md
  - docs/models/operations/getnotificationsfeedrequest.md
  - docs/models/operations/getnotificationsfeedresponsebody.md
  - docs/models/operations/getunseencountsecurity.md
  - docs/models/operations/getunseencountrequest.md
  - docs/models/operations/getfeedssecurity.md
  - docs/models/operations/createfeedsecurity.md
  - docs/models/operations/deletefeedbyidsecurity.md
  - docs/models/operations/deletefeedbyidrequest.md
  - docs/models/operations/filterlayoutssecurity.md
  - docs/models/operations/orderby.md
  - docs/models/operations/filterlayoutsrequest.md
  - docs/models/operations/propertydescriptorsecurity.md
  - docs/models/operations/getlayoutsecurity.md
  - docs/models/operations/getlayoutrequest.md
  - docs/models/operations/deletelayoutsecurity.md
  - docs/models/operations/deletelayoutrequest.md
  - docs/models/operations/updatelayoutsecurity.md
  - docs/models/operations/updatelayoutrequest.md
  - docs/models/operations/setdefaultlayoutsecurity.md
  - docs/models/operations/setdefaultlayoutrequest.md
  - docs/models/operations/getmessagessecurity.md
  - docs/models/operations/channel.md
  - docs/models/operations/getmessagesrequest.md
  - docs/models/operations/deletemessagesecurity.md
  - docs/models/operations/deletemessagerequest.md
  - docs/models/operations/deletemessagesbytransactionidsecurity.md
  - docs/models/operations/queryparamchannel.md
  - docs/models/operations/deletemessagesbytransactionidrequest.md
  - docs/models/operations/listtopicssecurity.md
  - docs/models/operations/listtopicsrequest.md
  - docs/models/operations/createtopicsecurity.md
  - docs/models/operations/gettopicsecurity.md
  - docs/models/operations/gettopicrequest.md
  - docs/models/operations/deletetopicsecurity.md
  - docs/models/operations/deletetopicrequest.md
  - docs/models/operations/renametopicsecurity.md
  - docs/models/operations/renametopicrequest.md
  - docs/models/operations/addsubscriberssecurity.md
  - docs/models/operations/addsubscribersrequest.md
  - docs/models/operations/gettopicsubscribersecurity.md
  - docs/models/operations/gettopicsubscriberrequest.md
  - docs/models/operations/removesubscriberssecurity.md
  - docs/models/operations/removesubscribersrequest.md
  - docs/models/operations/listtenantssecurity.md
  - docs/models/operations/listtenantsrequest.md
  - docs/models/operations/listtenantsresponsebody.md
  - docs/models/operations/listtenantsresponse.md
  - docs/models/operations/createtenantsecurity.md
  - docs/models/operations/gettenantbyidsecurity.md
  - docs/models/operations/gettenantbyidrequest.md
  - docs/models/operations/removetenantsecurity.md
  - docs/models/operations/removetenantrequest.md
  - docs/models/operations/updatetenantsecurity.md
  - docs/models/operations/updatetenantrequest.md
  - docs/sdks/novu/README.md
  - docs/sdks/organizations/README.md
  - docs/sdks/members/README.md
  - docs/sdks/branding/README.md
  - docs/sdks/environments/README.md
  - docs/sdks/apikeys/README.md
  - docs/sdks/executiondetails/README.md
  - docs/sdks/workflows/README.md
  - docs/sdks/variables/README.md
  - docs/sdks/events/README.md
  - docs/sdks/notifications/README.md
  - docs/sdks/stats/README.md
  - docs/sdks/workflowgroups/README.md
  - docs/sdks/integrations/README.md
  - docs/sdks/changes/README.md
  - docs/sdks/subscribers/README.md
  - docs/sdks/preferences/README.md
  - docs/sdks/novunotifications/README.md
  - docs/sdks/feeds/README.md
  - docs/sdks/layouts/README.md
  - docs/sdks/messages/README.md
  - docs/sdks/topics/README.md
  - docs/sdks/novusubscribers/README.md
  - docs/sdks/tenants/README.md
  - USAGE.md
  - .gitattributes
  - src/hooks/hooks.ts
  - src/hooks/types.ts
  - src/hooks/index.ts
