speakeasyVersion: 1.755.1
sources:
    json-development:
        sourceNamespace: json-development
        sourceRevisionDigest: sha256:35ca4eb6abbb5ab599e36bbc2fb158c079d2dd1d057eec0e84a22a000ec27460
        sourceBlobDigest: sha256:f3983479e151c2ec7745e8d42b6ae7c062a7cb8b7a2526fe52b9c54677091d5d
        tags:
            - latest
            - 3.14.0
targets:
    my-first-target:
        source: json-development
        sourceNamespace: json-development
        sourceRevisionDigest: sha256:35ca4eb6abbb5ab599e36bbc2fb158c079d2dd1d057eec0e84a22a000ec27460
        sourceBlobDigest: sha256:f3983479e151c2ec7745e8d42b6ae7c062a7cb8b7a2526fe52b9c54677091d5d
        codeSamplesNamespace: code-samples-typescript
        codeSamplesRevisionDigest: sha256:0e71aadb10a92c53edbe150b83aad922d1b60aa59dfee258a6fad4b5e056b628
workflow:
    workflowVersion: 1.0.0
    speakeasyVersion: latest
    sources:
        json-development:
            inputs:
                - location: https://api.novu.co/openapi.sdk.yaml
            overlays:
                - location: .speakeasy/speakeasy-modifications-overlay.yaml
            output: sources/json-development.json
            registry:
                location: registry.speakeasyapi.dev/novu/novu/json-development
    targets:
        my-first-target:
            target: typescript
            source: json-development
            publish:
                npm:
                    token: $npm_token
            codeSamples:
                output: sources/code-samples.yaml
                registry:
                    location: registry.speakeasyapi.dev/novu/novu/code-samples-typescript
                labelOverride:
                    fixedValue: TypeScript
