speakeasyVersion: 1.451.7
sources:
    json-development:
        sourceNamespace: json-development
        sourceRevisionDigest: sha256:5913adc8b4b20cd3409b628dc419bd6e6c664ebd8a1e22e5ee2452de9f11a03e
        sourceBlobDigest: sha256:fc03f44b154cc46ae2bdfd64eac5a342df9e8ce6726a351c6cfd3000ae0990d4
        tags:
            - latest
            - "1.0"
targets:
    my-first-target:
        source: json-development
        sourceNamespace: json-development
        sourceRevisionDigest: sha256:5913adc8b4b20cd3409b628dc419bd6e6c664ebd8a1e22e5ee2452de9f11a03e
        sourceBlobDigest: sha256:fc03f44b154cc46ae2bdfd64eac5a342df9e8ce6726a351c6cfd3000ae0990d4
        codeSamplesNamespace: code-samples-typescript
        codeSamplesRevisionDigest: sha256:3c4ce5e93429e4995d926aaf62d08b2e332d665dc9b73822b9de620d86f30bba
workflow:
    workflowVersion: 1.0.0
    speakeasyVersion: latest
    sources:
        json-development:
            inputs:
                - location: http://127.0.0.1:3000/openapi.sdk.yaml
            overlays:
                - location: .speakeasy/speakeasy-modifications-overlay.yaml
            output: sources/json-development.json
            registry:
                location: registry.speakeasyapi.dev/novu/novu/json-development
    targets:
        my-first-target:
            target: typescript
            source: json-development
            publish:
                npm:
                    token: $npm_token
            codeSamples:
                output: sources/code-samples.yaml
                registry:
                    location: registry.speakeasyapi.dev/novu/novu/code-samples-typescript
