speakeasyVersion: 1.306.0
sources:
    json-development:
        sourceNamespace: json-development
        sourceRevisionDigest: sha256:dac57c3a2c511a4f96c3ca4b59c3ef56d31dfa42cc548581d98de82ef6ead7ee
        sourceBlobDigest: sha256:a8c25a1b0840243d4bdf698daeb589ea074d72eb0e398638bc9742b8bf92e3fa
        tags:
            - latest
targets:
    my-first-target:
        source: json-development
        sourceNamespace: json-development
        sourceRevisionDigest: sha256:dac57c3a2c511a4f96c3ca4b59c3ef56d31dfa42cc548581d98de82ef6ead7ee
        sourceBlobDigest: sha256:a8c25a1b0840243d4bdf698daeb589ea074d72eb0e398638bc9742b8bf92e3fa
        outLocation: /Users/galtidhar/Documents/GitHub/novu-ts-sdk
workflow:
    workflowVersion: 1.0.0
    speakeasyVersion: latest
    sources:
        json-development:
            inputs:
                - location: http://127.0.0.1:3000/openapi-hoisted.json
            overlays:
                - location: /Users/galtidhar/WebstormProjects/novu-sdk/sources/remove-headers-overlay.yaml
            registry:
                location: registry.speakeasyapi.dev/novu/novu/json-development
    targets:
        my-first-target:
            target: typescript
            source: json-development
